// !$*UTF8*$!
{
	archiveVersion = 1;
	classes = {
	};
	objectVersion = 56;
	objects = {

/* Begin PBXBuildFile section */
		AB1ED7A72BFAABB100C373BD /* AppDelegate.swift in Sources */ = {isa = PBXBuildFile; fileRef = AB1ED7A62BFAABB100C373BD /* AppDelegate.swift */; };
		AB1ED7A92BFAABB100C373BD /* SceneDelegate.swift in Sources */ = {isa = PBXBuildFile; fileRef = AB1ED7A82BFAABB100C373BD /* SceneDelegate.swift */; };
		AB1ED7AB2BFAABB100C373BD /* OnboardingViewModel.swift in Sources */ = {isa = PBXBuildFile; fileRef = AB1ED7AA2BFAABB100C373BD /* OnboardingViewModel.swift */; };
		AB1ED7B02BFAABB200C373BD /* Assets.xcassets in Resources */ = {isa = PBXBuildFile; fileRef = AB1ED7AF2BFAABB200C373BD /* Assets.xcassets */; };
		AB1ED7BB2BFAAE8E00C373BD /* GoogleService-Info.plist in Resources */ = {isa = PBXBuildFile; fileRef = AB1ED7BA2BFAAE8E00C373BD /* GoogleService-Info.plist */; };
		AB1ED7BE2BFAB0D000C373BD /* FirebaseAnalytics in Frameworks */ = {isa = PBXBuildFile; productRef = AB1ED7BD2BFAB0D000C373BD /* FirebaseAnalytics */; };
		AB1ED7C02BFAB0D000C373BD /* FirebaseAuth in Frameworks */ = {isa = PBXBuildFile; productRef = AB1ED7BF2BFAB0D000C373BD /* FirebaseAuth */; };
		AB1ED7C22BFAB0D000C373BD /* FirebaseFirestore in Frameworks */ = {isa = PBXBuildFile; productRef = AB1ED7C12BFAB0D000C373BD /* FirebaseFirestore */; };
		AB1ED7C42BFAB0D000C373BD /* FirebaseStorage in Frameworks */ = {isa = PBXBuildFile; productRef = AB1ED7C32BFAB0D000C373BD /* FirebaseStorage */; };
		ABF020E12BFB63F000E46C8C /* Rock.ttf in Resources */ = {isa = PBXBuildFile; fileRef = ABF020E02BFB63F000E46C8C /* Rock.ttf */; };
		ABF020E32BFB63FB00E46C8C /* Retro.ttf in Resources */ = {isa = PBXBuildFile; fileRef = ABF020E22BFB63FB00E46C8C /* Retro.ttf */; };
		ABF020E52BFB66EC00E46C8C /* LoginData.swift in Sources */ = {isa = PBXBuildFile; fileRef = ABF020E42BFB66EC00E46C8C /* LoginData.swift */; };
		ABF020E82BFB6A2400E46C8C /* SplashScreenViewController.swift in Sources */ = {isa = PBXBuildFile; fileRef = ABF020E72BFB6A2400E46C8C /* SplashScreenViewController.swift */; };
		ABF020F12BFB733500E46C8C /* UIComponentsHelper.swift in Sources */ = {isa = PBXBuildFile; fileRef = ABF020F02BFB733500E46C8C /* UIComponentsHelper.swift */; };
		ABF020F52BFB831F00E46C8C /* SplashScreenView.swift in Sources */ = {isa = PBXBuildFile; fileRef = ABF020F42BFB831F00E46C8C /* SplashScreenView.swift */; };
/* End PBXBuildFile section */

/* Begin PBXFileReference section */
		AB1ED7A32BFAABB100C373BD /* CCARS.app */ = {isa = PBXFileReference; explicitFileType = wrapper.application; includeInIndex = 0; path = CCARS.app; sourceTree = BUILT_PRODUCTS_DIR; };
		AB1ED7A62BFAABB100C373BD /* AppDelegate.swift */ = {isa = PBXFileReference; lastKnownFileType = sourcecode.swift; path = AppDelegate.swift; sourceTree = "<group>"; };
		AB1ED7A82BFAABB100C373BD /* SceneDelegate.swift */ = {isa = PBXFileReference; lastKnownFileType = sourcecode.swift; path = SceneDelegate.swift; sourceTree = "<group>"; };
		AB1ED7AA2BFAABB100C373BD /* OnboardingViewModel.swift */ = {isa = PBXFileReference; lastKnownFileType = sourcecode.swift; path = OnboardingViewModel.swift; sourceTree = "<group>"; };
		AB1ED7AF2BFAABB200C373BD /* Assets.xcassets */ = {isa = PBXFileReference; lastKnownFileType = folder.assetcatalog; path = Assets.xcassets; sourceTree = "<group>"; };
		AB1ED7B42BFAABB200C373BD /* Info.plist */ = {isa = PBXFileReference; lastKnownFileType = text.plist.xml; path = Info.plist; sourceTree = "<group>"; };
		AB1ED7BA2BFAAE8E00C373BD /* GoogleService-Info.plist */ = {isa = PBXFileReference; fileEncoding = 4; lastKnownFileType = text.plist.xml; path = "GoogleService-Info.plist"; sourceTree = "<group>"; };
		ABF020E02BFB63F000E46C8C /* Rock.ttf */ = {isa = PBXFileReference; lastKnownFileType = file; path = Rock.ttf; sourceTree = "<group>"; };
		ABF020E22BFB63FB00E46C8C /* Retro.ttf */ = {isa = PBXFileReference; lastKnownFileType = file; path = Retro.ttf; sourceTree = "<group>"; };
		ABF020E42BFB66EC00E46C8C /* LoginData.swift */ = {isa = PBXFileReference; lastKnownFileType = sourcecode.swift; path = LoginData.swift; sourceTree = "<group>"; };
		ABF020E72BFB6A2400E46C8C /* SplashScreenViewController.swift */ = {isa = PBXFileReference; lastKnownFileType = sourcecode.swift; path = SplashScreenViewController.swift; sourceTree = "<group>"; };
		ABF020F02BFB733500E46C8C /* UIComponentsHelper.swift */ = {isa = PBXFileReference; lastKnownFileType = sourcecode.swift; path = UIComponentsHelper.swift; sourceTree = "<group>"; };
		ABF020F42BFB831F00E46C8C /* SplashScreenView.swift */ = {isa = PBXFileReference; lastKnownFileType = sourcecode.swift; path = SplashScreenView.swift; sourceTree = "<group>"; };
/* End PBXFileReference section */

/* Begin PBXFrameworksBuildPhase section */
		AB1ED7A02BFAABB100C373BD /* Frameworks */ = {
			isa = PBXFrameworksBuildPhase;
			buildActionMask = 2147483647;
			files = (
				AB1ED7BE2BFAB0D000C373BD /* FirebaseAnalytics in Frameworks */,
				AB1ED7C42BFAB0D000C373BD /* FirebaseStorage in Frameworks */,
				AB1ED7C02BFAB0D000C373BD /* FirebaseAuth in Frameworks */,
				AB1ED7C22BFAB0D000C373BD /* FirebaseFirestore in Frameworks */,
			);
			runOnlyForDeploymentPostprocessing = 0;
		};
/* End PBXFrameworksBuildPhase section */

/* Begin PBXGroup section */
		AB1ED79A2BFAABB100C373BD = {
			isa = PBXGroup;
			children = (
				AB1ED7A52BFAABB100C373BD /* CCARS */,
				AB1ED7A42BFAABB100C373BD /* Products */,
			);
			sourceTree = "<group>";
		};
		AB1ED7A42BFAABB100C373BD /* Products */ = {
			isa = PBXGroup;
			children = (
				AB1ED7A32BFAABB100C373BD /* CCARS.app */,
			);
			name = Products;
			sourceTree = "<group>";
		};
		AB1ED7A52BFAABB100C373BD /* CCARS */ = {
			isa = PBXGroup;
			children = (
				ABF020EF2BFB731600E46C8C /* UIHelpers */,
				ABF020DE2BFB638A00E46C8C /* ViewModel */,
				AB1ED7CC2BFAB30500C373BD /* Utilities */,
				AB1ED7CB2BFAB2FE00C373BD /* Services */,
				AB1ED7CA2BFAB2F200C373BD /* Extensions */,
				AB1ED7C92BFAB2ED00C373BD /* Models */,
				AB1ED7C52BFAB24200C373BD /* View */,
				AB1ED7C82BFAB2DA00C373BD /* Supports */,
				AB1ED7B42BFAABB200C373BD /* Info.plist */,
				AB1ED7BA2BFAAE8E00C373BD /* GoogleService-Info.plist */,
			);
			path = CCARS;
			sourceTree = "<group>";
		};
		AB1ED7C52BFAB24200C373BD /* View */ = {
			isa = PBXGroup;
			children = (
				ABF020EC2BFB6FDC00E46C8C /* Onboarding */,
				ABF020E62BFB6A1300E46C8C /* SplashScreen */,
			);
			path = View;
			sourceTree = "<group>";
		};
		AB1ED7C82BFAB2DA00C373BD /* Supports */ = {
			isa = PBXGroup;
			children = (
				ABF020DF2BFB63C800E46C8C /* Fonts */,
				AB1ED7AF2BFAABB200C373BD /* Assets.xcassets */,
				AB1ED7A62BFAABB100C373BD /* AppDelegate.swift */,
				AB1ED7A82BFAABB100C373BD /* SceneDelegate.swift */,
			);
			path = Supports;
			sourceTree = "<group>";
		};
		AB1ED7C92BFAB2ED00C373BD /* Models */ = {
			isa = PBXGroup;
			children = (
				ABF020E42BFB66EC00E46C8C /* LoginData.swift */,
			);
			path = Models;
			sourceTree = "<group>";
		};
		AB1ED7CA2BFAB2F200C373BD /* Extensions */ = {
			isa = PBXGroup;
			children = (
			);
			path = Extensions;
			sourceTree = "<group>";
		};
		AB1ED7CB2BFAB2FE00C373BD /* Services */ = {
			isa = PBXGroup;
			children = (
			);
			path = Services;
			sourceTree = "<group>";
		};
		AB1ED7CC2BFAB30500C373BD /* Utilities */ = {
			isa = PBXGroup;
			children = (
			);
			path = Utilities;
			sourceTree = "<group>";
		};
		ABF020DE2BFB638A00E46C8C /* ViewModel */ = {
			isa = PBXGroup;
			children = (
				AB1ED7AA2BFAABB100C373BD /* OnboardingViewModel.swift */,
			);
			path = ViewModel;
			sourceTree = "<group>";
		};
		ABF020DF2BFB63C800E46C8C /* Fonts */ = {
			isa = PBXGroup;
			children = (
				ABF020E22BFB63FB00E46C8C /* Retro.ttf */,
				ABF020E02BFB63F000E46C8C /* Rock.ttf */,
			);
			path = Fonts;
			sourceTree = "<group>";
		};
		ABF020E62BFB6A1300E46C8C /* SplashScreen */ = {
			isa = PBXGroup;
			children = (
				ABF020F42BFB831F00E46C8C /* SplashScreenView.swift */,
				ABF020E72BFB6A2400E46C8C /* SplashScreenViewController.swift */,
			);
			path = SplashScreen;
			sourceTree = "<group>";
		};
		ABF020EC2BFB6FDC00E46C8C /* Onboarding */ = {
			isa = PBXGroup;
			children = (
			);
			path = Onboarding;
			sourceTree = "<group>";
		};
		ABF020EF2BFB731600E46C8C /* UIHelpers */ = {
			isa = PBXGroup;
			children = (
				ABF020F02BFB733500E46C8C /* UIComponentsHelper.swift */,
			);
			path = UIHelpers;
			sourceTree = "<group>";
		};
/* End PBXGroup section */

/* Begin PBXNativeTarget section */
		AB1ED7A22BFAABB100C373BD /* CCARS */ = {
			isa = PBXNativeTarget;
			buildConfigurationList = AB1ED7B72BFAABB200C373BD /* Build configuration list for PBXNativeTarget "CCARS" */;
			buildPhases = (
				AB1ED79F2BFAABB100C373BD /* Sources */,
				AB1ED7A02BFAABB100C373BD /* Frameworks */,
				AB1ED7A12BFAABB100C373BD /* Resources */,
			);
			buildRules = (
			);
			dependencies = (
			);
			name = CCARS;
			packageProductDependencies = (
				AB1ED7BD2BFAB0D000C373BD /* FirebaseAnalytics */,
				AB1ED7BF2BFAB0D000C373BD /* FirebaseAuth */,
				AB1ED7C12BFAB0D000C373BD /* FirebaseFirestore */,
				AB1ED7C32BFAB0D000C373BD /* FirebaseStorage */,
			);
			productName = CCARS;
			productReference = AB1ED7A32BFAABB100C373BD /* CCARS.app */;
			productType = "com.apple.product-type.application";
		};
/* End PBXNativeTarget section */

/* Begin PBXProject section */
		AB1ED79B2BFAABB100C373BD /* Project object */ = {
			isa = PBXProject;
			attributes = {
				BuildIndependentTargetsInParallel = 1;
				LastSwiftUpdateCheck = 1530;
				LastUpgradeCheck = 1530;
				TargetAttributes = {
					AB1ED7A22BFAABB100C373BD = {
						CreatedOnToolsVersion = 15.3;
					};
				};
			};
			buildConfigurationList = AB1ED79E2BFAABB100C373BD /* Build configuration list for PBXProject "CCARS" */;
			compatibilityVersion = "Xcode 14.0";
			developmentRegion = en;
			hasScannedForEncodings = 0;
			knownRegions = (
				en,
				Base,
			);
			mainGroup = AB1ED79A2BFAABB100C373BD;
			packageReferences = (
				AB1ED7BC2BFAB0D000C373BD /* XCRemoteSwiftPackageReference "firebase-ios-sdk" */,
			);
			productRefGroup = AB1ED7A42BFAABB100C373BD /* Products */;
			projectDirPath = "";
			projectRoot = "";
			targets = (
				AB1ED7A22BFAABB100C373BD /* CCARS */,
			);
		};
/* End PBXProject section */

/* Begin PBXResourcesBuildPhase section */
		AB1ED7A12BFAABB100C373BD /* Resources */ = {
			isa = PBXResourcesBuildPhase;
			buildActionMask = 2147483647;
			files = (
				ABF020E12BFB63F000E46C8C /* Rock.ttf in Resources */,
				ABF020E32BFB63FB00E46C8C /* Retro.ttf in Resources */,
				AB1ED7B02BFAABB200C373BD /* Assets.xcassets in Resources */,
				AB1ED7BB2BFAAE8E00C373BD /* GoogleService-Info.plist in Resources */,
			);
			runOnlyForDeploymentPostprocessing = 0;
		};
/* End PBXResourcesBuildPhase section */

/* Begin PBXSourcesBuildPhase section */
		AB1ED79F2BFAABB100C373BD /* Sources */ = {
			isa = PBXSourcesBuildPhase;
			buildActionMask = 2147483647;
			files = (
				ABF020E52BFB66EC00E46C8C /* LoginData.swift in Sources */,
				ABF020E82BFB6A2400E46C8C /* SplashScreenViewController.swift in Sources */,
				AB1ED7AB2BFAABB100C373BD /* OnboardingViewModel.swift in Sources */,
				AB1ED7A72BFAABB100C373BD /* AppDelegate.swift in Sources */,
				ABF020F52BFB831F00E46C8C /* SplashScreenView.swift in Sources */,
				ABF020F12BFB733500E46C8C /* UIComponentsHelper.swift in Sources */,
				AB1ED7A92BFAABB100C373BD /* SceneDelegate.swift in Sources */,
			);
			runOnlyForDeploymentPostprocessing = 0;
		};
/* End PBXSourcesBuildPhase section */

/* Begin XCBuildConfiguration section */
		AB1ED7B52BFAABB200C373BD /* Debug */ = {
			isa = XCBuildConfiguration;
			buildSettings = {
				ALWAYS_SEARCH_USER_PATHS = NO;
				ASSETCATALOG_COMPILER_GENERATE_SWIFT_ASSET_SYMBOL_EXTENSIONS = YES;
				CLANG_ANALYZER_NONNULL = YES;
				CLANG_ANALYZER_NUMBER_OBJECT_CONVERSION = YES_AGGRESSIVE;
				CLANG_CXX_LANGUAGE_STANDARD = "gnu++20";
				CLANG_ENABLE_MODULES = YES;
				CLANG_ENABLE_OBJC_ARC = YES;
				CLANG_ENABLE_OBJC_WEAK = YES;
				CLANG_WARN_BLOCK_CAPTURE_AUTORELEASING = YES;
				CLANG_WARN_BOOL_CONVERSION = YES;
				CLANG_WARN_COMMA = YES;
				CLANG_WARN_CONSTANT_CONVERSION = YES;
				CLANG_WARN_DEPRECATED_OBJC_IMPLEMENTATIONS = YES;
				CLANG_WARN_DIRECT_OBJC_ISA_USAGE = YES_ERROR;
				CLANG_WARN_DOCUMENTATION_COMMENTS = YES;
				CLANG_WARN_EMPTY_BODY = YES;
				CLANG_WARN_ENUM_CONVERSION = YES;
				CLANG_WARN_INFINITE_RECURSION = YES;
				CLANG_WARN_INT_CONVERSION = YES;
				CLANG_WARN_NON_LITERAL_NULL_CONVERSION = YES;
				CLANG_WARN_OBJC_IMPLICIT_RETAIN_SELF = YES;
				CLANG_WARN_OBJC_LITERAL_CONVERSION = YES;
				CLANG_WARN_OBJC_ROOT_CLASS = YES_ERROR;
				CLANG_WARN_QUOTED_INCLUDE_IN_FRAMEWORK_HEADER = YES;
				CLANG_WARN_RANGE_LOOP_ANALYSIS = YES;
				CLANG_WARN_STRICT_PROTOTYPES = YES;
				CLANG_WARN_SUSPICIOUS_MOVE = YES;
				CLANG_WARN_UNGUARDED_AVAILABILITY = YES_AGGRESSIVE;
				CLANG_WARN_UNREACHABLE_CODE = YES;
				CLANG_WARN__DUPLICATE_METHOD_MATCH = YES;
				COPY_PHASE_STRIP = NO;
				DEBUG_INFORMATION_FORMAT = dwarf;
				ENABLE_STRICT_OBJC_MSGSEND = YES;
				ENABLE_TESTABILITY = YES;
				ENABLE_USER_SCRIPT_SANDBOXING = YES;
				GCC_C_LANGUAGE_STANDARD = gnu17;
				GCC_DYNAMIC_NO_PIC = NO;
				GCC_NO_COMMON_BLOCKS = YES;
				GCC_OPTIMIZATION_LEVEL = 0;
				GCC_PREPROCESSOR_DEFINITIONS = (
					"DEBUG=1",
					"$(inherited)",
				);
				GCC_WARN_64_TO_32_BIT_CONVERSION = YES;
				GCC_WARN_ABOUT_RETURN_TYPE = YES_ERROR;
				GCC_WARN_UNDECLARED_SELECTOR = YES;
				GCC_WARN_UNINITIALIZED_AUTOS = YES_AGGRESSIVE;
				GCC_WARN_UNUSED_FUNCTION = YES;
				GCC_WARN_UNUSED_VARIABLE = YES;
				IPHONEOS_DEPLOYMENT_TARGET = 17.4;
				LOCALIZATION_PREFERS_STRING_CATALOGS = YES;
				MTL_ENABLE_DEBUG_INFO = INCLUDE_SOURCE;
				MTL_FAST_MATH = YES;
				ONLY_ACTIVE_ARCH = YES;
				SDKROOT = iphoneos;
				SWIFT_ACTIVE_COMPILATION_CONDITIONS = "DEBUG $(inherited)";
				SWIFT_OPTIMIZATION_LEVEL = "-Onone";
			};
			name = Debug;
		};
		AB1ED7B62BFAABB200C373BD /* Release */ = {
			isa = XCBuildConfiguration;
			buildSettings = {
				ALWAYS_SEARCH_USER_PATHS = NO;
				ASSETCATALOG_COMPILER_GENERATE_SWIFT_ASSET_SYMBOL_EXTENSIONS = YES;
				CLANG_ANALYZER_NONNULL = YES;
				CLANG_ANALYZER_NUMBER_OBJECT_CONVERSION = YES_AGGRESSIVE;
				CLANG_CXX_LANGUAGE_STANDARD = "gnu++20";
				CLANG_ENABLE_MODULES = YES;
				CLANG_ENABLE_OBJC_ARC = YES;
				CLANG_ENABLE_OBJC_WEAK = YES;
				CLANG_WARN_BLOCK_CAPTURE_AUTORELEASING = YES;
				CLANG_WARN_BOOL_CONVERSION = YES;
				CLANG_WARN_COMMA = YES;
				CLANG_WARN_CONSTANT_CONVERSION = YES;
				CLANG_WARN_DEPRECATED_OBJC_IMPLEMENTATIONS = YES;
				CLANG_WARN_DIRECT_OBJC_ISA_USAGE = YES_ERROR;
				CLANG_WARN_DOCUMENTATION_COMMENTS = YES;
				CLANG_WARN_EMPTY_BODY = YES;
				CLANG_WARN_ENUM_CONVERSION = YES;
				CLANG_WARN_INFINITE_RECURSION = YES;
				CLANG_WARN_INT_CONVERSION = YES;
				CLANG_WARN_NON_LITERAL_NULL_CONVERSION = YES;
				CLANG_WARN_OBJC_IMPLICIT_RETAIN_SELF = YES;
				CLANG_WARN_OBJC_LITERAL_CONVERSION = YES;
				CLANG_WARN_OBJC_ROOT_CLASS = YES_ERROR;
				CLANG_WARN_QUOTED_INCLUDE_IN_FRAMEWORK_HEADER = YES;
				CLANG_WARN_RANGE_LOOP_ANALYSIS = YES;
				CLANG_WARN_STRICT_PROTOTYPES = YES;
				CLANG_WARN_SUSPICIOUS_MOVE = YES;
				CLANG_WARN_UNGUARDED_AVAILABILITY = YES_AGGRESSIVE;
				CLANG_WARN_UNREACHABLE_CODE = YES;
				CLANG_WARN__DUPLICATE_METHOD_MATCH = YES;
				COPY_PHASE_STRIP = NO;
				DEBUG_INFORMATION_FORMAT = "dwarf-with-dsym";
				ENABLE_NS_ASSERTIONS = NO;
				ENABLE_STRICT_OBJC_MSGSEND = YES;
				ENABLE_USER_SCRIPT_SANDBOXING = YES;
				GCC_C_LANGUAGE_STANDARD = gnu17;
				GCC_NO_COMMON_BLOCKS = YES;
				GCC_WARN_64_TO_32_BIT_CONVERSION = YES;
				GCC_WARN_ABOUT_RETURN_TYPE = YES_ERROR;
				GCC_WARN_UNDECLARED_SELECTOR = YES;
				GCC_WARN_UNINITIALIZED_AUTOS = YES_AGGRESSIVE;
				GCC_WARN_UNUSED_FUNCTION = YES;
				GCC_WARN_UNUSED_VARIABLE = YES;
				IPHONEOS_DEPLOYMENT_TARGET = 17.4;
				LOCALIZATION_PREFERS_STRING_CATALOGS = YES;
				MTL_ENABLE_DEBUG_INFO = NO;
				MTL_FAST_MATH = YES;
				SDKROOT = iphoneos;
				SWIFT_COMPILATION_MODE = wholemodule;
				VALIDATE_PRODUCT = YES;
			};
			name = Release;
		};
		AB1ED7B82BFAABB200C373BD /* Debug */ = {
			isa = XCBuildConfiguration;
			buildSettings = {
				ASSETCATALOG_COMPILER_APPICON_NAME = AppIcon;
				ASSETCATALOG_COMPILER_GLOBAL_ACCENT_COLOR_NAME = AccentColor;
				CODE_SIGN_STYLE = Automatic;
				CURRENT_PROJECT_VERSION = 1;
				GENERATE_INFOPLIST_FILE = YES;
				INFOPLIST_FILE = CCARS/Info.plist;
				INFOPLIST_KEY_UIApplicationSupportsIndirectInputEvents = YES;
				INFOPLIST_KEY_UILaunchStoryboardName = LaunchScreen;
				INFOPLIST_KEY_UISupportedInterfaceOrientations_iPad = "UIInterfaceOrientationPortrait UIInterfaceOrientationPortraitUpsideDown UIInterfaceOrientationLandscapeLeft UIInterfaceOrientationLandscapeRight";
				INFOPLIST_KEY_UISupportedInterfaceOrientations_iPhone = "UIInterfaceOrientationPortrait UIInterfaceOrientationLandscapeLeft UIInterfaceOrientationLandscapeRight";
				LD_RUNPATH_SEARCH_PATHS = (
					"$(inherited)",
					"@executable_path/Frameworks",
				);
				MARKETING_VERSION = 1.0;
				PRODUCT_BUNDLE_IDENTIFIER = efekangvndk.com.CCARS;
				PRODUCT_NAME = "$(TARGET_NAME)";
				SWIFT_EMIT_LOC_STRINGS = YES;
				SWIFT_VERSION = 5.0;
				TARGETED_DEVICE_FAMILY = "1,2";
			};
			name = Debug;
		};
		AB1ED7B92BFAABB200C373BD /* Release */ = {
			isa = XCBuildConfiguration;
			buildSettings = {
				ASSETCATALOG_COMPILER_APPICON_NAME = AppIcon;
				ASSETCATALOG_COMPILER_GLOBAL_ACCENT_COLOR_NAME = AccentColor;
				CODE_SIGN_STYLE = Automatic;
				CURRENT_PROJECT_VERSION = 1;
				GENERATE_INFOPLIST_FILE = YES;
				INFOPLIST_FILE = CCARS/Info.plist;
				INFOPLIST_KEY_UIApplicationSupportsIndirectInputEvents = YES;
				INFOPLIST_KEY_UILaunchStoryboardName = LaunchScreen;
				INFOPLIST_KEY_UISupportedInterfaceOrientations_iPad = "UIInterfaceOrientationPortrait UIInterfaceOrientationPortraitUpsideDown UIInterfaceOrientationLandscapeLeft UIInterfaceOrientationLandscapeRight";
				INFOPLIST_KEY_UISupportedInterfaceOrientations_iPhone = "UIInterfaceOrientationPortrait UIInterfaceOrientationLandscapeLeft UIInterfaceOrientationLandscapeRight";
				LD_RUNPATH_SEARCH_PATHS = (
					"$(inherited)",
					"@executable_path/Frameworks",
				);
				MARKETING_VERSION = 1.0;
				PRODUCT_BUNDLE_IDENTIFIER = efekangvndk.com.CCARS;
				PRODUCT_NAME = "$(TARGET_NAME)";
				SWIFT_EMIT_LOC_STRINGS = YES;
				SWIFT_VERSION = 5.0;
				TARGETED_DEVICE_FAMILY = "1,2";
			};
			name = Release;
		};
/* End XCBuildConfiguration section */

/* Begin XCConfigurationList section */
		AB1ED79E2BFAABB100C373BD /* Build configuration list for PBXProject "CCARS" */ = {
			isa = XCConfigurationList;
			buildConfigurations = (
				AB1ED7B52BFAABB200C373BD /* Debug */,
				AB1ED7B62BFAABB200C373BD /* Release */,
			);
			defaultConfigurationIsVisible = 0;
			defaultConfigurationName = Release;
		};
		AB1ED7B72BFAABB200C373BD /* Build configuration list for PBXNativeTarget "CCARS" */ = {
			isa = XCConfigurationList;
			buildConfigurations = (
				AB1ED7B82BFAABB200C373BD /* Debug */,
				AB1ED7B92BFAABB200C373BD /* Release */,
			);
			defaultConfigurationIsVisible = 0;
			defaultConfigurationName = Release;
		};
/* End XCConfigurationList section */

/* Begin XCRemoteSwiftPackageReference section */
		AB1ED7BC2BFAB0D000C373BD /* XCRemoteSwiftPackageReference "firebase-ios-sdk" */ = {
			isa = XCRemoteSwiftPackageReference;
			repositoryURL = "https://github.com/firebase/firebase-ios-sdk";
			requirement = {
				kind = upToNextMajorVersion;
				minimumVersion = 10.26.0;
			};
		};
/* End XCRemoteSwiftPackageReference section */

/* Begin XCSwiftPackageProductDependency section */
		AB1ED7BD2BFAB0D000C373BD /* FirebaseAnalytics */ = {
			isa = XCSwiftPackageProductDependency;
			package = AB1ED7BC2BFAB0D000C373BD /* XCRemoteSwiftPackageReference "firebase-ios-sdk" */;
			productName = FirebaseAnalytics;
		};
		AB1ED7BF2BFAB0D000C373BD /* FirebaseAuth */ = {
			isa = XCSwiftPackageProductDependency;
			package = AB1ED7BC2BFAB0D000C373BD /* XCRemoteSwiftPackageReference "firebase-ios-sdk" */;
			productName = FirebaseAuth;
		};
		AB1ED7C12BFAB0D000C373BD /* FirebaseFirestore */ = {
			isa = XCSwiftPackageProductDependency;
			package = AB1ED7BC2BFAB0D000C373BD /* XCRemoteSwiftPackageReference "firebase-ios-sdk" */;
			productName = FirebaseFirestore;
		};
		AB1ED7C32BFAB0D000C373BD /* FirebaseStorage */ = {
			isa = XCSwiftPackageProductDependency;
			package = AB1ED7BC2BFAB0D000C373BD /* XCRemoteSwiftPackageReference "firebase-ios-sdk" */;
			productName = FirebaseStorage;
		};
/* End XCSwiftPackageProductDependency section */
	};
	rootObject = AB1ED79B2BFAABB100C373BD /* Project object */;
}
